
Microsoft Visual Studio Solution File, Format Version 12.00
# Visual Studio 15
VisualStudioVersion = 15.0.26228.4
MinimumVisualStudioVersion = 10.0.40219.1
Project("{FAE04EC0-301F-11D3-BF4B-00C04F79EFBC}") = "01.Lab-StacksAndQueues", "01.Lab-StacksAndQueues\01.Lab-StacksAndQueues.csproj", "{C435C34E-D3A0-40A4-8791-EDB2F9F6396D}"
EndProject
Project("{FAE04EC0-301F-11D3-BF4B-00C04F79EFBC}") = "02.Exercises-StacksАndQueues", "02.Exercises-StacksАndQueues\02.Exercises-StacksАndQueues.csproj", "{E6ED925C-091E-4DA9-A788-8D7D91CB8682}"
EndProject
Project("{FAE04EC0-301F-11D3-BF4B-00C04F79EFBC}") = "03.Lab-SetsAndDictionaries", "03.Lab-SetsAndDictionaries\03.Lab-SetsAndDictionaries.csproj", "{3A8CB6C4-B0BC-4369-AC63-18CBC03C048A}"
EndProject
Project("{FAE04EC0-301F-11D3-BF4B-00C04F79EFBC}") = "99.Drawing", "99.Drawing\99.Drawing.csproj", "{F796D6CE-42F9-4C46-BAB0-AD82DE8C7F01}"
EndProject
Project("{FAE04EC0-301F-11D3-BF4B-00C04F79EFBC}") = "04.Exercises-SetsAndDictionaries", "04.Exercises-SetsAndDictionaries\04.Exercises-SetsAndDictionaries.csproj", "{B34C7F48-E781-49FD-9EDA-045B630ED647}"
EndProject
Project("{FAE04EC0-301F-11D3-BF4B-00C04F79EFBC}") = "05.Lab-MultidimensionalArrays", "05.Lab-MultidimensionalArrays\05.Lab-MultidimensionalArrays.csproj", "{CFCF1649-72E0-466B-8400-B5D9A808A6CC}"
EndProject
Global
	GlobalSection(SolutionConfigurationPlatforms) = preSolution
		Debug|Any CPU = Debug|Any CPU
		Release|Any CPU = Release|Any CPU
	EndGlobalSection
	GlobalSection(ProjectConfigurationPlatforms) = postSolution
		{C435C34E-D3A0-40A4-8791-EDB2F9F6396D}.Debug|Any CPU.ActiveCfg = Debug|Any CPU
		{C435C34E-D3A0-40A4-8791-EDB2F9F6396D}.Debug|Any CPU.Build.0 = Debug|Any CPU
		{C435C34E-D3A0-40A4-8791-EDB2F9F6396D}.Release|Any CPU.ActiveCfg = Release|Any CPU
		{C435C34E-D3A0-40A4-8791-EDB2F9F6396D}.Release|Any CPU.Build.0 = Release|Any CPU
		{E6ED925C-091E-4DA9-A788-8D7D91CB8682}.Debug|Any CPU.ActiveCfg = Debug|Any CPU
		{E6ED925C-091E-4DA9-A788-8D7D91CB8682}.Debug|Any CPU.Build.0 = Debug|Any CPU
		{E6ED925C-091E-4DA9-A788-8D7D91CB8682}.Release|Any CPU.ActiveCfg = Release|Any CPU
		{E6ED925C-091E-4DA9-A788-8D7D91CB8682}.Release|Any CPU.Build.0 = Release|Any CPU
		{3A8CB6C4-B0BC-4369-AC63-18CBC03C048A}.Debug|Any CPU.ActiveCfg = Debug|Any CPU
		{3A8CB6C4-B0BC-4369-AC63-18CBC03C048A}.Debug|Any CPU.Build.0 = Debug|Any CPU
		{3A8CB6C4-B0BC-4369-AC63-18CBC03C048A}.Release|Any CPU.ActiveCfg = Release|Any CPU
		{3A8CB6C4-B0BC-4369-AC63-18CBC03C048A}.Release|Any CPU.Build.0 = Release|Any CPU
		{F796D6CE-42F9-4C46-BAB0-AD82DE8C7F01}.Debug|Any CPU.ActiveCfg = Debug|Any CPU
		{F796D6CE-42F9-4C46-BAB0-AD82DE8C7F01}.Debug|Any CPU.Build.0 = Debug|Any CPU
		{F796D6CE-42F9-4C46-BAB0-AD82DE8C7F01}.Release|Any CPU.ActiveCfg = Release|Any CPU
		{F796D6CE-42F9-4C46-BAB0-AD82DE8C7F01}.Release|Any CPU.Build.0 = Release|Any CPU
		{B34C7F48-E781-49FD-9EDA-045B630ED647}.Debug|Any CPU.ActiveCfg = Debug|Any CPU
		{B34C7F48-E781-49FD-9EDA-045B630ED647}.Debug|Any CPU.Build.0 = Debug|Any CPU
		{B34C7F48-E781-49FD-9EDA-045B630ED647}.Release|Any CPU.ActiveCfg = Release|Any CPU
		{B34C7F48-E781-49FD-9EDA-045B630ED647}.Release|Any CPU.Build.0 = Release|Any CPU
		{CFCF1649-72E0-466B-8400-B5D9A808A6CC}.Debug|Any CPU.ActiveCfg = Debug|Any CPU
		{CFCF1649-72E0-466B-8400-B5D9A808A6CC}.Debug|Any CPU.Build.0 = Debug|Any CPU
		{CFCF1649-72E0-466B-8400-B5D9A808A6CC}.Release|Any CPU.ActiveCfg = Release|Any CPU
		{CFCF1649-72E0-466B-8400-B5D9A808A6CC}.Release|Any CPU.Build.0 = Release|Any CPU
	EndGlobalSection
	GlobalSection(SolutionProperties) = preSolution
		HideSolutionNode = FALSE
	EndGlobalSection
EndGlobal
